Microsoft Visual Studio Solution File, Format Version 12.00
# Visual Studio Version 17
VisualStudioVersion = 17.5.2.0
MinimumVisualStudioVersion = 10.0.40219.1
Project("{2150E333-8FDC-42A3-9474-1A3956D46DE8}") = "wasm", "wasm", "{94F50F22-43A5-BB3D-D77A-8193B22ED51F}"
EndProject
Project("{FAE04EC0-301F-11D3-BF4B-00C04F79EFBC}") = "BrotatoSystems", "wasm\BrotatoSystems\BrotatoSystems.csproj", "{8A1FE378-764C-C256-BA95-44B7B530BC8F}"
EndProject
Global
	GlobalSection(SolutionConfigurationPlatforms) = preSolution
		Debug|Any CPU = Debug|Any CPU
		Release|Any CPU = Release|Any CPU
	EndGlobalSection
	GlobalSection(ProjectConfigurationPlatforms) = postSolution
		{8A1FE378-764C-C256-BA95-44B7B530BC8F}.Debug|Any CPU.ActiveCfg = Debug|Any CPU
		{8A1FE378-764C-C256-BA95-44B7B530BC8F}.Debug|Any CPU.Build.0 = Debug|Any CPU
		{8A1FE378-764C-C256-BA95-44B7B530BC8F}.Release|Any CPU.ActiveCfg = Release|Any CPU
		{8A1FE378-764C-C256-BA95-44B7B530BC8F}.Release|Any CPU.Build.0 = Release|Any CPU
	EndGlobalSection
	GlobalSection(SolutionProperties) = preSolution
		HideSolutionNode = FALSE
	EndGlobalSection
	GlobalSection(NestedProjects) = preSolution
		{8A1FE378-764C-C256-BA95-44B7B530BC8F} = {94F50F22-43A5-BB3D-D77A-8193B22ED51F}
	EndGlobalSection
	GlobalSection(ExtensibilityGlobals) = postSolution
		SolutionGuid = {458C99F2-4123-46FF-989D-34642899E9C6}
	EndGlobalSection
EndGlobal
